{
  "version": 4,
  "terraform_version": "1.14.6",
  "serial": 9,
  "lineage": "51ddb881-e14d-d975-e5b1-90fb9fdd3ff8",
  "outputs": {
    "archivo": {
      "value": "Este es el archivo #1 de LuisPablo",
      "type": "string"
    },
    "archivo-dos": {
      "value": "Este es el archivo #2 de LuisPablo",
      "type": "string"
    }
  },
  "resources": [
    {
      "module": "module.file-module",
      "mode": "managed",
      "type": "local_file",
      "name": "module-demo",
      "provider": "provider[\"registry.terraform.io/hashicorp/local\"]",
      "instances": [
        {
          "schema_version": 0,
          "attributes": {
            "content": "Este es el archivo #1 de LuisPablo",
            "content_base64": null,
            "content_base64sha256": "XmP/JMLKe8MzRESDfqfqtmEZ2p5Gl+vFnLLDqFi6fDk=",
            "content_base64sha512": "EWshcyPtxRqBSdYg2ncKFxT5l7QqpiJD+k7KI4sf92S/XxA0VJ4/OYD7pTer1bVJdckYD0JeUQ6x4dE9aICicQ==",
            "content_md5": "497e0bdae33e8e4d3dbb4fbf4e1cabea",
            "content_sha1": "0933b799c8ede3812d0d0309e5aa211b96e48395",
            "content_sha256": "5e63ff24c2ca7bc3334444837ea7eab66119da9e4697ebc59cb2c3a858ba7c39",
            "content_sha512": "116b217323edc51a8149d620da770a1714f997b42aa62243fa4eca238b1ff764bf5f1034549e3f3980fba537abd5b54975c9180f425e510eb1e1d13d6880a271",
            "directory_permission": "0777",
            "file_permission": "0400",
            "filename": "test.txt",
            "id": "0933b799c8ede3812d0d0309e5aa211b96e48395",
            "sensitive_content": null,
            "source": null
          },
          "sensitive_attributes": [
            [
              {
                "type": "get_attr",
                "value": "sensitive_content"
              }
            ]
          ],
          "identity_schema_version": 0
        }
      ]
    },
    {
      "module": "module.file-module-dos",
      "mode": "managed",
      "type": "local_file",
      "name": "module-demo",
      "provider": "provider[\"registry.terraform.io/hashicorp/local\"]",
      "instances": [
        {
          "schema_version": 0,
          "attributes": {
            "content": "Este es el archivo #2 de LuisPablo",
            "content_base64": null,
            "content_base64sha256": "FPrJB8Xlf7Q2wxzyByfUvWbgiAOAqxGNiwe737D3V18=",
            "content_base64sha512": "Lt4BKpwEQ0cpW6VD4xgr90s4DY94tq1t6E+GVS4bfPy55PdkXPWNok+zCJdrQEtC4FXgVTVBZUasWGR5d/2GnA==",
            "content_md5": "90bc34dd82fb21e09a5d2460c72cc0d6",
            "content_sha1": "a830039a2222de902f9daf1b76bb6cb24f341926",
            "content_sha256": "14fac907c5e57fb436c31cf20727d4bd66e0880380ab118d8b07bbdfb0f7575f",
            "content_sha512": "2ede012a9c044347295ba543e3182bf74b380d8f78b6ad6de84f86552e1b7cfcb9e4f7645cf58da24fb308976b404b42e055e05535416546ac58647977fd869c",
            "directory_permission": "0777",
            "file_permission": "0600",
            "filename": "dos.txt",
            "id": "a830039a2222de902f9daf1b76bb6cb24f341926",
            "sensitive_content": null,
            "source": null
          },
          "sensitive_attributes": [
            [
              {
                "type": "get_attr",
                "value": "sensitive_content"
              }
            ]
          ],
          "identity_schema_version": 0
        }
      ]
    }
  ],
  "check_results": null
}
